
Microsoft Visual Studio Solution File, Format Version 12.00
Project("{FAE04EC0-301F-11D3-BF4B-00C04F79EFBC}") = "SignalApi", "SignalApi.csproj", "{A976D967-7F30-48CB-8498-7712094C1C13}"
EndProject
Global
	GlobalSection(SolutionConfigurationPlatforms) = preSolution
		Debug|Any CPU = Debug|Any CPU
		Release|Any CPU = Release|Any CPU
	EndGlobalSection
	GlobalSection(ProjectConfigurationPlatforms) = postSolution
		{A976D967-7F30-48CB-8498-7712094C1C13}.Debug|Any CPU.ActiveCfg = Debug|Any CPU
		{A976D967-7F30-48CB-8498-7712094C1C13}.Debug|Any CPU.Build.0 = Debug|Any CPU
		{A976D967-7F30-48CB-8498-7712094C1C13}.Release|Any CPU.ActiveCfg = Release|Any CPU
		{A976D967-7F30-48CB-8498-7712094C1C13}.Release|Any CPU.Build.0 = Release|Any CPU
	EndGlobalSection
EndGlobal
